
Microsoft Visual Studio Solution File, Format Version 12.00
# Visual Studio Version 16
VisualStudioVersion = 16.0.32002.261
MinimumVisualStudioVersion = 10.0.40219.1
Project("{FAE04EC0-301F-11D3-BF4B-00C04F79EFBC}") = "test_sv", "test_sv\test_sv.csproj", "{36515568-5841-4036-84C0-17C033855824}"
EndProject
Global
	GlobalSection(SolutionConfigurationPlatforms) = preSolution
		Debug|Any CPU = Debug|Any CPU
		Release|Any CPU = Release|Any CPU
	EndGlobalSection
	GlobalSection(ProjectConfigurationPlatforms) = postSolution
		{36515568-5841-4036-84C0-17C033855824}.Debug|Any CPU.ActiveCfg = Debug|Any CPU
		{36515568-5841-4036-84C0-17C033855824}.Debug|Any CPU.Build.0 = Debug|Any CPU
		{36515568-5841-4036-84C0-17C033855824}.Release|Any CPU.ActiveCfg = Release|Any CPU
		{36515568-5841-4036-84C0-17C033855824}.Release|Any CPU.Build.0 = Release|Any CPU
	EndGlobalSection
	GlobalSection(SolutionProperties) = preSolution
		HideSolutionNode = FALSE
	EndGlobalSection
	GlobalSection(ExtensibilityGlobals) = postSolution
		SolutionGuid = {DF10A3F9-B8DC-4AE9-87D2-CC2BD6A78E8F}
	EndGlobalSection
EndGlobal
