
Microsoft Visual Studio Solution File, Format Version 12.00
# Visual Studio Version 16
VisualStudioVersion = 16.0.810.16
MinimumVisualStudioVersion = 10.0.40219.1
Project("{FAE04EC0-301F-11D3-BF4B-00C04F79EFBC}") = "mul_clt", "mul_clt\mul_clt.csproj", "{2440769A-F0FB-4F18-B238-E2942E183785}"
EndProject
Global
	GlobalSection(SolutionConfigurationPlatforms) = preSolution
		Debug|Any CPU = Debug|Any CPU
		Release|Any CPU = Release|Any CPU
	EndGlobalSection
	GlobalSection(ProjectConfigurationPlatforms) = postSolution
		{2440769A-F0FB-4F18-B238-E2942E183785}.Debug|Any CPU.ActiveCfg = Debug|Any CPU
		{2440769A-F0FB-4F18-B238-E2942E183785}.Debug|Any CPU.Build.0 = Debug|Any CPU
		{2440769A-F0FB-4F18-B238-E2942E183785}.Release|Any CPU.ActiveCfg = Release|Any CPU
		{2440769A-F0FB-4F18-B238-E2942E183785}.Release|Any CPU.Build.0 = Release|Any CPU
	EndGlobalSection
	GlobalSection(SolutionProperties) = preSolution
		HideSolutionNode = FALSE
	EndGlobalSection
	GlobalSection(ExtensibilityGlobals) = postSolution
		SolutionGuid = {834E735C-F123-4625-9919-C98B41D5C8B0}
	EndGlobalSection
EndGlobal
