
Microsoft Visual Studio Solution File, Format Version 12.00
# Visual Studio Version 16
VisualStudioVersion = 16.0.810.16
MinimumVisualStudioVersion = 10.0.40219.1
Project("{FAE04EC0-301F-11D3-BF4B-00C04F79EFBC}") = "mul_sv", "mul_sv\mul_sv.csproj", "{3312E1C7-C55C-4D0D-BCE5-C4CF85138F11}"
EndProject
Global
	GlobalSection(SolutionConfigurationPlatforms) = preSolution
		Debug|Any CPU = Debug|Any CPU
		Release|Any CPU = Release|Any CPU
	EndGlobalSection
	GlobalSection(ProjectConfigurationPlatforms) = postSolution
		{3312E1C7-C55C-4D0D-BCE5-C4CF85138F11}.Debug|Any CPU.ActiveCfg = Debug|Any CPU
		{3312E1C7-C55C-4D0D-BCE5-C4CF85138F11}.Debug|Any CPU.Build.0 = Debug|Any CPU
		{3312E1C7-C55C-4D0D-BCE5-C4CF85138F11}.Release|Any CPU.ActiveCfg = Release|Any CPU
		{3312E1C7-C55C-4D0D-BCE5-C4CF85138F11}.Release|Any CPU.Build.0 = Release|Any CPU
	EndGlobalSection
	GlobalSection(SolutionProperties) = preSolution
		HideSolutionNode = FALSE
	EndGlobalSection
	GlobalSection(ExtensibilityGlobals) = postSolution
		SolutionGuid = {3C091058-422E-4967-A7CF-43DEAB83DA30}
	EndGlobalSection
EndGlobal
